<Solution>
  <Folder Name="/src/">
    <Project Path="src/Lokad.Onnx/Lokad.Onnx.csproj" />
    <Project Path="src/Lokad.Onnx.CLI/Lokad.Onnx.CLI.csproj" />
    <Project Path="src/Lokad.Onnx.Data/Lokad.Onnx.Data.csproj" />
  </Folder>
  <Folder Name="/tests/">
    <Project Path="tests/Lokad.Onnx.Backend.Tests/Lokad.Onnx.Backend.Tests.csproj" />
    <Project Path="tests/Lokad.Onnx.E5Runner/Lokad.Onnx.E5Runner.csproj" />
    <Project Path="tests/Lokad.Onnx.OpDump/Lokad.Onnx.OpDump.csproj" />
    <Project Path="tests/Lokad.Onnx.Tensors.Tests/Lokad.Onnx.Tensors.Tests.csproj" />
  </Folder>
</Solution>
