
Microsoft Visual Studio Solution File, Format Version 12.00
# Visual Studio Version 17
VisualStudioVersion = 17.5.33103.201
MinimumVisualStudioVersion = 10.0.40219.1
Project("{9A19103F-16F7-4668-BE54-9A1E7A4F7556}") = "Lokad.Onnx.Backend", "Lokad.Onnx.Backend\Lokad.Onnx.Backend.csproj", "{8BCDE99B-F78F-4297-ABBB-044215DCF7E4}"
EndProject
Project("{2150E333-8FDC-42A3-9474-1A3956D46DE8}") = "External", "External", "{A907284B-7B27-4E4A-9ADD-E5617FD44911}"
EndProject
Project("{FAE04EC0-301F-11D3-BF4B-00C04F79EFBC}") = "Satsuma", "..\ext\satsumagraph\Satsuma.csproj", "{3C752CC8-07E6-41BC-8089-E000E9CC16FC}"
EndProject
Project("{2150E333-8FDC-42A3-9474-1A3956D46DE8}") = "Core", "Core", "{2014E9FF-F5EC-4203-BA92-D495E9013ABF}"
EndProject
Global
	GlobalSection(SolutionConfigurationPlatforms) = preSolution
		Debug|Any CPU = Debug|Any CPU
		Release|Any CPU = Release|Any CPU
	EndGlobalSection
	GlobalSection(ProjectConfigurationPlatforms) = postSolution
		{8BCDE99B-F78F-4297-ABBB-044215DCF7E4}.Debug|Any CPU.ActiveCfg = Debug|Any CPU
		{8BCDE99B-F78F-4297-ABBB-044215DCF7E4}.Debug|Any CPU.Build.0 = Debug|Any CPU
		{8BCDE99B-F78F-4297-ABBB-044215DCF7E4}.Release|Any CPU.ActiveCfg = Release|Any CPU
		{8BCDE99B-F78F-4297-ABBB-044215DCF7E4}.Release|Any CPU.Build.0 = Release|Any CPU
		{3C752CC8-07E6-41BC-8089-E000E9CC16FC}.Debug|Any CPU.ActiveCfg = Debug|Any CPU
		{3C752CC8-07E6-41BC-8089-E000E9CC16FC}.Debug|Any CPU.Build.0 = Debug|Any CPU
		{3C752CC8-07E6-41BC-8089-E000E9CC16FC}.Release|Any CPU.ActiveCfg = Release|Any CPU
		{3C752CC8-07E6-41BC-8089-E000E9CC16FC}.Release|Any CPU.Build.0 = Release|Any CPU
	EndGlobalSection
	GlobalSection(SolutionProperties) = preSolution
		HideSolutionNode = FALSE
	EndGlobalSection
	GlobalSection(NestedProjects) = preSolution
		{8BCDE99B-F78F-4297-ABBB-044215DCF7E4} = {2014E9FF-F5EC-4203-BA92-D495E9013ABF}
		{3C752CC8-07E6-41BC-8089-E000E9CC16FC} = {A907284B-7B27-4E4A-9ADD-E5617FD44911}
	EndGlobalSection
	GlobalSection(ExtensibilityGlobals) = postSolution
		SolutionGuid = {6B835BFE-A6A4-4235-A6F1-0B6F3F4BE6DF}
	EndGlobalSection
EndGlobal
